
Microsoft Visual Studio Solution File, Format Version 12.00
# Visual Studio Version 17
VisualStudioVersion = 17.0.31903.59
MinimumVisualStudioVersion = 10.0.40219.1
Project("{FAE04EC0-301F-11D3-BF4B-00C04F79EFBC}") = "PrimeService", "PrimeService\PrimeService.csproj", "{FC807499-DA68-421A-98B2-69F218168F0C}"
EndProject
Project("{FAE04EC0-301F-11D3-BF4B-00C04F79EFBC}") = "PrimeService.Tests", "PrimeService.Tests\PrimeService.Tests.csproj", "{30F46B30-9576-4B45-AD20-2F04468D9C8B}"
EndProject
Global
	GlobalSection(SolutionConfigurationPlatforms) = preSolution
		Debug|Any CPU = Debug|Any CPU
		Release|Any CPU = Release|Any CPU
	EndGlobalSection
	GlobalSection(SolutionProperties) = preSolution
		HideSolutionNode = FALSE
	EndGlobalSection
	GlobalSection(ProjectConfigurationPlatforms) = postSolution
		{FC807499-DA68-421A-98B2-69F218168F0C}.Debug|Any CPU.ActiveCfg = Debug|Any CPU
		{FC807499-DA68-421A-98B2-69F218168F0C}.Debug|Any CPU.Build.0 = Debug|Any CPU
		{FC807499-DA68-421A-98B2-69F218168F0C}.Release|Any CPU.ActiveCfg = Release|Any CPU
		{FC807499-DA68-421A-98B2-69F218168F0C}.Release|Any CPU.Build.0 = Release|Any CPU
		{30F46B30-9576-4B45-AD20-2F04468D9C8B}.Debug|Any CPU.ActiveCfg = Debug|Any CPU
		{30F46B30-9576-4B45-AD20-2F04468D9C8B}.Debug|Any CPU.Build.0 = Debug|Any CPU
		{30F46B30-9576-4B45-AD20-2F04468D9C8B}.Release|Any CPU.ActiveCfg = Release|Any CPU
		{30F46B30-9576-4B45-AD20-2F04468D9C8B}.Release|Any CPU.Build.0 = Release|Any CPU
	EndGlobalSection
EndGlobal
